
Microsoft Visual Studio Solution File, Format Version 12.00
# Visual Studio Version 17
VisualStudioVersion = 17.6.33829.357
MinimumVisualStudioVersion = 10.0.40219.1
Project("{FAE04EC0-301F-11D3-BF4B-00C04F79EFBC}") = "UdpHomeWork", "UdpHomeWork\UdpHomeWork.csproj", "{4A40967B-11EA-4595-9D51-474CABA9E76A}"
EndProject
Project("{FAE04EC0-301F-11D3-BF4B-00C04F79EFBC}") = "ServerSync", "ServerSync\ServerSync.csproj", "{F3EB3DFE-825C-4E63-9D3F-CFAFB5E230A9}"
	ProjectSection(ProjectDependencies) = postProject
		{4A40967B-11EA-4595-9D51-474CABA9E76A} = {4A40967B-11EA-4595-9D51-474CABA9E76A}
	EndProjectSection
EndProject
Global
	GlobalSection(SolutionConfigurationPlatforms) = preSolution
		Debug|Any CPU = Debug|Any CPU
		Release|Any CPU = Release|Any CPU
	EndGlobalSection
	GlobalSection(ProjectConfigurationPlatforms) = postSolution
		{4A40967B-11EA-4595-9D51-474CABA9E76A}.Debug|Any CPU.ActiveCfg = Debug|Any CPU
		{4A40967B-11EA-4595-9D51-474CABA9E76A}.Debug|Any CPU.Build.0 = Debug|Any CPU
		{4A40967B-11EA-4595-9D51-474CABA9E76A}.Release|Any CPU.ActiveCfg = Release|Any CPU
		{4A40967B-11EA-4595-9D51-474CABA9E76A}.Release|Any CPU.Build.0 = Release|Any CPU
		{F3EB3DFE-825C-4E63-9D3F-CFAFB5E230A9}.Debug|Any CPU.ActiveCfg = Debug|Any CPU
		{F3EB3DFE-825C-4E63-9D3F-CFAFB5E230A9}.Debug|Any CPU.Build.0 = Debug|Any CPU
		{F3EB3DFE-825C-4E63-9D3F-CFAFB5E230A9}.Release|Any CPU.ActiveCfg = Release|Any CPU
		{F3EB3DFE-825C-4E63-9D3F-CFAFB5E230A9}.Release|Any CPU.Build.0 = Release|Any CPU
	EndGlobalSection
	GlobalSection(SolutionProperties) = preSolution
		HideSolutionNode = FALSE
	EndGlobalSection
	GlobalSection(ExtensibilityGlobals) = postSolution
		SolutionGuid = {979CB4B8-5283-4985-90B9-79F050C038D0}
	EndGlobalSection
EndGlobal
